Microsoft Visual Studio Solution File, Format Version 12.00
# Visual Studio Version 17
VisualStudioVersion = 17.5.2.0
MinimumVisualStudioVersion = 10.0.40219.1
Project("{FAE04EC0-301F-11D3-BF4B-00C04F79EFBC}") = "student-automation-backend", "student-automation-backend.csproj", "{959F7F4D-A586-246A-A783-04DEE388C06A}"
EndProject
Global
	GlobalSection(SolutionConfigurationPlatforms) = preSolution
		Debug|Any CPU = Debug|Any CPU
		Release|Any CPU = Release|Any CPU
	EndGlobalSection
	GlobalSection(ProjectConfigurationPlatforms) = postSolution
		{959F7F4D-A586-246A-A783-04DEE388C06A}.Debug|Any CPU.ActiveCfg = Debug|Any CPU
		{959F7F4D-A586-246A-A783-04DEE388C06A}.Debug|Any CPU.Build.0 = Debug|Any CPU
		{959F7F4D-A586-246A-A783-04DEE388C06A}.Release|Any CPU.ActiveCfg = Release|Any CPU
		{959F7F4D-A586-246A-A783-04DEE388C06A}.Release|Any CPU.Build.0 = Release|Any CPU
	EndGlobalSection
	GlobalSection(SolutionProperties) = preSolution
		HideSolutionNode = FALSE
	EndGlobalSection
	GlobalSection(ExtensibilityGlobals) = postSolution
		SolutionGuid = {06465390-1AE5-4099-B502-AD36E0899EE9}
	EndGlobalSection
EndGlobal
